
Microsoft Visual Studio Solution File, Format Version 12.00
# Visual Studio Version 17
VisualStudioVersion = 17.4.33213.308
MinimumVisualStudioVersion = 10.0.40219.1
Project("{9A19103F-16F7-4668-BE54-9A1E7A4F7556}") = "JS.AzureFunctions.Example.Blob", "src\JS.AzureFunctions.Example.Blob\JS.AzureFunctions.Example.Blob.csproj", "{80E669A1-B336-4618-9454-0CE37F7BB17E}"
EndProject
Global
	GlobalSection(SolutionConfigurationPlatforms) = preSolution
		Debug|Any CPU = Debug|Any CPU
		Release|Any CPU = Release|Any CPU
	EndGlobalSection
	GlobalSection(ProjectConfigurationPlatforms) = postSolution
		{80E669A1-B336-4618-9454-0CE37F7BB17E}.Debug|Any CPU.ActiveCfg = Debug|Any CPU
		{80E669A1-B336-4618-9454-0CE37F7BB17E}.Debug|Any CPU.Build.0 = Debug|Any CPU
		{80E669A1-B336-4618-9454-0CE37F7BB17E}.Release|Any CPU.ActiveCfg = Release|Any CPU
		{80E669A1-B336-4618-9454-0CE37F7BB17E}.Release|Any CPU.Build.0 = Release|Any CPU
	EndGlobalSection
	GlobalSection(SolutionProperties) = preSolution
		HideSolutionNode = FALSE
	EndGlobalSection
	GlobalSection(ExtensibilityGlobals) = postSolution
		SolutionGuid = {25E4E66F-96F8-472F-AF66-BAE81FF37A3B}
	EndGlobalSection
EndGlobal
